
Microsoft Visual Studio Solution File, Format Version 12.00
# Visual Studio Version 17
VisualStudioVersion = 17.0.31903.59
MinimumVisualStudioVersion = 10.0.40219.1
Project("{9A19103F-16F7-4668-BE54-9A1E7A4F7556}") = "Api", "Api\Api.csproj", "{AC77523F-C5AD-4C74-82E3-B235AD4EB522}"
EndProject
Project("{FAE04EC0-301F-11D3-BF4B-00C04F79EFBC}") = "Api.UnitTest", "Api.UnitTest\Api.UnitTest.csproj", "{51B4BF48-96FF-42FF-8F34-E21363ACCEFA}"
EndProject
Global
	GlobalSection(SolutionConfigurationPlatforms) = preSolution
		Debug|Any CPU = Debug|Any CPU
		Release|Any CPU = Release|Any CPU
	EndGlobalSection
	GlobalSection(ProjectConfigurationPlatforms) = postSolution
		{AC77523F-C5AD-4C74-82E3-B235AD4EB522}.Debug|Any CPU.ActiveCfg = Debug|Any CPU
		{AC77523F-C5AD-4C74-82E3-B235AD4EB522}.Debug|Any CPU.Build.0 = Debug|Any CPU
		{AC77523F-C5AD-4C74-82E3-B235AD4EB522}.Release|Any CPU.ActiveCfg = Release|Any CPU
		{AC77523F-C5AD-4C74-82E3-B235AD4EB522}.Release|Any CPU.Build.0 = Release|Any CPU
		{51B4BF48-96FF-42FF-8F34-E21363ACCEFA}.Debug|Any CPU.ActiveCfg = Debug|Any CPU
		{51B4BF48-96FF-42FF-8F34-E21363ACCEFA}.Debug|Any CPU.Build.0 = Debug|Any CPU
		{51B4BF48-96FF-42FF-8F34-E21363ACCEFA}.Release|Any CPU.ActiveCfg = Release|Any CPU
		{51B4BF48-96FF-42FF-8F34-E21363ACCEFA}.Release|Any CPU.Build.0 = Release|Any CPU
	EndGlobalSection
	GlobalSection(SolutionProperties) = preSolution
		HideSolutionNode = FALSE
	EndGlobalSection
	GlobalSection(ExtensibilityGlobals) = postSolution
		SolutionGuid = {975D696E-A035-458E-8368-667F9A9AC2F8}
	EndGlobalSection
EndGlobal
